
Microsoft Visual Studio Solution File, Format Version 12.00
# Visual Studio Version 17
VisualStudioVersion = 17.5.33530.505
MinimumVisualStudioVersion = 10.0.40219.1
Project("{FAE04EC0-301F-11D3-BF4B-00C04F79EFBC}") = "dz10part2", "dz10part2\dz10part2.csproj", "{0E7B0529-9180-461C-B252-ACB5D5B51121}"
EndProject
Global
	GlobalSection(SolutionConfigurationPlatforms) = preSolution
		Debug|Any CPU = Debug|Any CPU
		Release|Any CPU = Release|Any CPU
	EndGlobalSection
	GlobalSection(ProjectConfigurationPlatforms) = postSolution
		{0E7B0529-9180-461C-B252-ACB5D5B51121}.Debug|Any CPU.ActiveCfg = Debug|Any CPU
		{0E7B0529-9180-461C-B252-ACB5D5B51121}.Debug|Any CPU.Build.0 = Debug|Any CPU
		{0E7B0529-9180-461C-B252-ACB5D5B51121}.Release|Any CPU.ActiveCfg = Release|Any CPU
		{0E7B0529-9180-461C-B252-ACB5D5B51121}.Release|Any CPU.Build.0 = Release|Any CPU
	EndGlobalSection
	GlobalSection(SolutionProperties) = preSolution
		HideSolutionNode = FALSE
	EndGlobalSection
	GlobalSection(ExtensibilityGlobals) = postSolution
		SolutionGuid = {E89B09E5-3BB9-4127-ABA9-7BD8A27920B2}
	EndGlobalSection
EndGlobal
